
Microsoft Visual Studio Solution File, Format Version 12.00
# Visual Studio Version 17
VisualStudioVersion = 17.5.33424.131
MinimumVisualStudioVersion = 10.0.40219.1
Project("{9A19103F-16F7-4668-BE54-9A1E7A4F7556}") = "Learn-UnitTesting", "Learn-UnitTesting.csproj", "{36893258-1ACA-4A80-BDCB-FAA83724A6AD}"
EndProject
Project("{FAE04EC0-301F-11D3-BF4B-00C04F79EFBC}") = "TestProject", "..\TestProject\TestProject.csproj", "{A215A1E2-686C-4FC1-8184-9637C9F98D4D}"
EndProject
Global
	GlobalSection(SolutionConfigurationPlatforms) = preSolution
		Debug|Any CPU = Debug|Any CPU
		Debug|ARM = Debug|ARM
		Debug|ARM64 = Debug|ARM64
		Debug|x64 = Debug|x64
		Debug|x86 = Debug|x86
		Release|Any CPU = Release|Any CPU
		Release|ARM = Release|ARM
		Release|ARM64 = Release|ARM64
		Release|x64 = Release|x64
		Release|x86 = Release|x86
	EndGlobalSection
	GlobalSection(ProjectConfigurationPlatforms) = postSolution
		{36893258-1ACA-4A80-BDCB-FAA83724A6AD}.Debug|Any CPU.ActiveCfg = Debug|Any CPU
		{36893258-1ACA-4A80-BDCB-FAA83724A6AD}.Debug|Any CPU.Build.0 = Debug|Any CPU
		{36893258-1ACA-4A80-BDCB-FAA83724A6AD}.Debug|ARM.ActiveCfg = Debug|Any CPU
		{36893258-1ACA-4A80-BDCB-FAA83724A6AD}.Debug|ARM.Build.0 = Debug|Any CPU
		{36893258-1ACA-4A80-BDCB-FAA83724A6AD}.Debug|ARM64.ActiveCfg = Debug|Any CPU
		{36893258-1ACA-4A80-BDCB-FAA83724A6AD}.Debug|ARM64.Build.0 = Debug|Any CPU
		{36893258-1ACA-4A80-BDCB-FAA83724A6AD}.Debug|x64.ActiveCfg = Debug|Any CPU
		{36893258-1ACA-4A80-BDCB-FAA83724A6AD}.Debug|x64.Build.0 = Debug|Any CPU
		{36893258-1ACA-4A80-BDCB-FAA83724A6AD}.Debug|x86.ActiveCfg = Debug|Any CPU
		{36893258-1ACA-4A80-BDCB-FAA83724A6AD}.Debug|x86.Build.0 = Debug|Any CPU
		{36893258-1ACA-4A80-BDCB-FAA83724A6AD}.Release|Any CPU.ActiveCfg = Release|Any CPU
		{36893258-1ACA-4A80-BDCB-FAA83724A6AD}.Release|Any CPU.Build.0 = Release|Any CPU
		{36893258-1ACA-4A80-BDCB-FAA83724A6AD}.Release|ARM.ActiveCfg = Release|Any CPU
		{36893258-1ACA-4A80-BDCB-FAA83724A6AD}.Release|ARM.Build.0 = Release|Any CPU
		{36893258-1ACA-4A80-BDCB-FAA83724A6AD}.Release|ARM64.ActiveCfg = Release|Any CPU
		{36893258-1ACA-4A80-BDCB-FAA83724A6AD}.Release|ARM64.Build.0 = Release|Any CPU
		{36893258-1ACA-4A80-BDCB-FAA83724A6AD}.Release|x64.ActiveCfg = Release|Any CPU
		{36893258-1ACA-4A80-BDCB-FAA83724A6AD}.Release|x64.Build.0 = Release|Any CPU
		{36893258-1ACA-4A80-BDCB-FAA83724A6AD}.Release|x86.ActiveCfg = Release|Any CPU
		{36893258-1ACA-4A80-BDCB-FAA83724A6AD}.Release|x86.Build.0 = Release|Any CPU
		{A215A1E2-686C-4FC1-8184-9637C9F98D4D}.Debug|Any CPU.ActiveCfg = Debug|Any CPU
		{A215A1E2-686C-4FC1-8184-9637C9F98D4D}.Debug|Any CPU.Build.0 = Debug|Any CPU
		{A215A1E2-686C-4FC1-8184-9637C9F98D4D}.Debug|ARM.ActiveCfg = Debug|Any CPU
		{A215A1E2-686C-4FC1-8184-9637C9F98D4D}.Debug|ARM.Build.0 = Debug|Any CPU
		{A215A1E2-686C-4FC1-8184-9637C9F98D4D}.Debug|ARM64.ActiveCfg = Debug|Any CPU
		{A215A1E2-686C-4FC1-8184-9637C9F98D4D}.Debug|ARM64.Build.0 = Debug|Any CPU
		{A215A1E2-686C-4FC1-8184-9637C9F98D4D}.Debug|x64.ActiveCfg = Debug|Any CPU
		{A215A1E2-686C-4FC1-8184-9637C9F98D4D}.Debug|x64.Build.0 = Debug|Any CPU
		{A215A1E2-686C-4FC1-8184-9637C9F98D4D}.Debug|x86.ActiveCfg = Debug|Any CPU
		{A215A1E2-686C-4FC1-8184-9637C9F98D4D}.Debug|x86.Build.0 = Debug|Any CPU
		{A215A1E2-686C-4FC1-8184-9637C9F98D4D}.Release|Any CPU.ActiveCfg = Release|Any CPU
		{A215A1E2-686C-4FC1-8184-9637C9F98D4D}.Release|Any CPU.Build.0 = Release|Any CPU
		{A215A1E2-686C-4FC1-8184-9637C9F98D4D}.Release|ARM.ActiveCfg = Release|Any CPU
		{A215A1E2-686C-4FC1-8184-9637C9F98D4D}.Release|ARM.Build.0 = Release|Any CPU
		{A215A1E2-686C-4FC1-8184-9637C9F98D4D}.Release|ARM64.ActiveCfg = Release|Any CPU
		{A215A1E2-686C-4FC1-8184-9637C9F98D4D}.Release|ARM64.Build.0 = Release|Any CPU
		{A215A1E2-686C-4FC1-8184-9637C9F98D4D}.Release|x64.ActiveCfg = Release|Any CPU
		{A215A1E2-686C-4FC1-8184-9637C9F98D4D}.Release|x64.Build.0 = Release|Any CPU
		{A215A1E2-686C-4FC1-8184-9637C9F98D4D}.Release|x86.ActiveCfg = Release|Any CPU
		{A215A1E2-686C-4FC1-8184-9637C9F98D4D}.Release|x86.Build.0 = Release|Any CPU
	EndGlobalSection
	GlobalSection(SolutionProperties) = preSolution
		HideSolutionNode = FALSE
	EndGlobalSection
	GlobalSection(ExtensibilityGlobals) = postSolution
		SolutionGuid = {BAB3A7EA-A925-4750-80BB-0C95F210A922}
	EndGlobalSection
EndGlobal
